
Microsoft Visual Studio Solution File, Format Version 12.00
# Visual Studio 15
VisualStudioVersion = 15.0.27130.2024
MinimumVisualStudioVersion = 10.0.40219.1
Project("{2150E333-8FDC-42A3-9474-1A3956D46DE8}") = "Solution Items", "Solution Items", "{D50FE220-200F-4508-A4C0-72CA12159E3E}"
	ProjectSection(SolutionItems) = preProject
		.gitignore = .gitignore
		README.md = README.md
	EndProjectSection
EndProject
Project("{9A19103F-16F7-4668-BE54-9A1E7A4F7556}") = "Gunter", "Gunter\Gunter.csproj", "{F943FB20-EB69-4B84-89AF-5853E5C88516}"
EndProject
Project("{9A19103F-16F7-4668-BE54-9A1E7A4F7556}") = "Gunter.Tests", "Gunter.Tests\Gunter.Tests.csproj", "{867AC016-605B-4AF5-9E00-806075E0E8FC}"
EndProject
Project("{9A19103F-16F7-4668-BE54-9A1E7A4F7556}") = "Reusable.Core", "..\Reusable\Reusable.Core\Reusable.Core.csproj", "{DCA5AA77-350C-4C1F-906D-ABF0EC93B918}"
EndProject
Project("{2150E333-8FDC-42A3-9474-1A3956D46DE8}") = "lib", "lib", "{E6444249-74BF-4645-AA64-C185A6F02CC8}"
EndProject
Project("{2150E333-8FDC-42A3-9474-1A3956D46DE8}") = "app", "app", "{4308BCEB-9037-46E9-A6B0-2BA62563DB07}"
EndProject
Project("{9A19103F-16F7-4668-BE54-9A1E7A4F7556}") = "Reusable.OmniLog", "..\Reusable\Reusable.OmniLog\Reusable.OmniLog.csproj", "{821ABCF2-BE08-4D0F-B386-C030DB7FB8AC}"
EndProject
Project("{9A19103F-16F7-4668-BE54-9A1E7A4F7556}") = "Reusable.OmniLog.NLogRx", "..\Reusable\Reusable.OmniLog.NLogRx\Reusable.OmniLog.NLogRx.csproj", "{67FE1F4C-F4B5-4AFB-BD61-B3C95932351E}"
EndProject
Project("{9A19103F-16F7-4668-BE54-9A1E7A4F7556}") = "Reusable.OmniLog.SemanticExtensions", "..\Reusable\Reusable.OmniLog.SemanticExtensions\Reusable.OmniLog.SemanticExtensions.csproj", "{D4E146B4-B164-4FBA-A681-36E9FD2AD024}"
EndProject
Project("{9A19103F-16F7-4668-BE54-9A1E7A4F7556}") = "Reusable.Utilities.NLog", "..\Reusable\Reusable.Utilities.NLog\Reusable.Utilities.NLog.csproj", "{B12AAFD2-184D-47C9-AF7A-64A83398B9E9}"
EndProject
Project("{9A19103F-16F7-4668-BE54-9A1E7A4F7556}") = "Reusable.Utilities.SqlClient", "..\Reusable\Reusable.Utilities.SqlClient\Reusable.Utilities.SqlClient.csproj", "{C51AC457-80C0-4415-A761-58605A9FD912}"
EndProject
Project("{9A19103F-16F7-4668-BE54-9A1E7A4F7556}") = "Reusable.Flexo", "..\Reusable\Reusable.Flexo\Reusable.Flexo.csproj", "{6C9DC2DC-487B-48DD-8D8C-EB4EBC4E1F22}"
EndProject
Project("{9A19103F-16F7-4668-BE54-9A1E7A4F7556}") = "Reusable.Utilities.JsonNet", "..\Reusable\Reusable.Utilities.JsonNet\Reusable.Utilities.JsonNet.csproj", "{FC092FE2-4770-475F-B11F-2161D7B89684}"
EndProject
Project("{9A19103F-16F7-4668-BE54-9A1E7A4F7556}") = "Reusable.OneTo1", "..\Reusable\Reusable.OneTo1\Reusable.OneTo1.csproj", "{BE92EC95-1E4F-4F38-B26E-C43EFB34CCB1}"
EndProject
Project("{9A19103F-16F7-4668-BE54-9A1E7A4F7556}") = "Reusable.Teapot", "..\Reusable\Reusable.Teapot\Reusable.Teapot.csproj", "{384B376A-293A-4B9D-A266-82494DCE2494}"
EndProject
Project("{9A19103F-16F7-4668-BE54-9A1E7A4F7556}") = "Reusable.Commander", "..\Reusable\Reusable.Commander\Reusable.Commander.csproj", "{9ED98B64-C90F-4C10-BE2C-50D9DD662DB4}"
EndProject
Project("{9A19103F-16F7-4668-BE54-9A1E7A4F7556}") = "Reusable.MarkupBuilder", "..\Reusable\Reusable.MarkupBuilder\Reusable.MarkupBuilder.csproj", "{2C52AFAD-5664-40D4-8D9E-BE5253B7F960}"
EndProject
Project("{FAE04EC0-301F-11D3-BF4B-00C04F79EFBC}") = "Reusable.Utilities.XUnit", "..\Reusable\Reusable.Utilities.XUnit\Reusable.Utilities.XUnit.csproj", "{793787D5-3D1C-45AF-B655-2653D92F72C0}"
EndProject
Project("{FAE04EC0-301F-11D3-BF4B-00C04F79EFBC}") = "Reusable.OmniLog.Abstractions", "..\Reusable\Reusable.OmniLog.Abstractions\Reusable.OmniLog.Abstractions.csproj", "{2B3267EE-6B6F-4650-A814-68406A9B580E}"
EndProject
Project("{FAE04EC0-301F-11D3-BF4B-00C04F79EFBC}") = "Reusable.Beaver", "..\Reusable\Reusable.Beaver\Reusable.Beaver.csproj", "{FB31FAD3-3075-494F-93D7-FABA31B2086A}"
EndProject
Project("{FAE04EC0-301F-11D3-BF4B-00C04F79EFBC}") = "Reusable.Data", "..\Reusable\Reusable.Data\Reusable.Data.csproj", "{1FA6B418-2891-4505-9067-15513AA80BC0}"
EndProject
Project("{FAE04EC0-301F-11D3-BF4B-00C04F79EFBC}") = "Reusable.Quickey", "..\Reusable\Reusable.Quickey\Reusable.Quickey.csproj", "{A82063BE-E8F1-43B3-B094-7A518FE08490}"
EndProject
Project("{FAE04EC0-301F-11D3-BF4B-00C04F79EFBC}") = "Reusable.Flawless", "..\Reusable\Reusable.Flawless\Reusable.Flawless.csproj", "{A566F5AD-C1B0-4932-9B84-09FBD5079538}"
EndProject
Project("{FAE04EC0-301F-11D3-BF4B-00C04F79EFBC}") = "Reusable.Utilities.Mailr", "..\Reusable\Reusable.Utilities.Mailr\Reusable.Utilities.Mailr.csproj", "{1574B972-0B1B-4373-99AD-2346491CD092}"
EndProject
Project("{FAE04EC0-301F-11D3-BF4B-00C04F79EFBC}") = "Reusable.Translucent", "..\Reusable\Reusable.Translucent\Reusable.Translucent.csproj", "{22D896A8-D55B-4C9C-A1E0-70C1138B8F50}"
EndProject
Project("{FAE04EC0-301F-11D3-BF4B-00C04F79EFBC}") = "Reusable.Translucent.config", "..\Reusable\Reusable.Translucent.config\Reusable.Translucent.config.csproj", "{1F20E1B7-EBB1-45D8-A057-C516DA94B474}"
EndProject
Project("{FAE04EC0-301F-11D3-BF4B-00C04F79EFBC}") = "Reusable.Translucent.config.Json", "..\Reusable\Reusable.Translucent.config.Json\Reusable.Translucent.config.Json.csproj", "{E710863B-5683-4C85-9CB6-33E2FAFFD5ED}"
EndProject
Project("{FAE04EC0-301F-11D3-BF4B-00C04F79EFBC}") = "Reusable.Translucent.file", "..\Reusable\Reusable.Translucent.file\Reusable.Translucent.file.csproj", "{92EA8039-F9D1-4977-8DDD-A92694347486}"
EndProject
Project("{FAE04EC0-301F-11D3-BF4B-00C04F79EFBC}") = "Reusable.Translucent.http", "..\Reusable\Reusable.Translucent.http\Reusable.Translucent.http.csproj", "{62EA256E-75C8-4B6D-AC36-43262F149B77}"
EndProject
Project("{FAE04EC0-301F-11D3-BF4B-00C04F79EFBC}") = "Reusable.Utilities.Autofac", "..\Reusable\Reusable.Utilities.Autofac\Reusable.Utilities.Autofac.csproj", "{D73A7338-E20A-4967-B53E-FFEA2C16288B}"
EndProject
Global
	GlobalSection(SolutionConfigurationPlatforms) = preSolution
		Debug|Any CPU = Debug|Any CPU
		Release|Any CPU = Release|Any CPU
	EndGlobalSection
	GlobalSection(ProjectConfigurationPlatforms) = postSolution
		{F943FB20-EB69-4B84-89AF-5853E5C88516}.Debug|Any CPU.ActiveCfg = Debug|Any CPU
		{F943FB20-EB69-4B84-89AF-5853E5C88516}.Debug|Any CPU.Build.0 = Debug|Any CPU
		{F943FB20-EB69-4B84-89AF-5853E5C88516}.Release|Any CPU.ActiveCfg = Release|Any CPU
		{F943FB20-EB69-4B84-89AF-5853E5C88516}.Release|Any CPU.Build.0 = Release|Any CPU
		{867AC016-605B-4AF5-9E00-806075E0E8FC}.Debug|Any CPU.ActiveCfg = Debug|Any CPU
		{867AC016-605B-4AF5-9E00-806075E0E8FC}.Release|Any CPU.ActiveCfg = Release|Any CPU
		{867AC016-605B-4AF5-9E00-806075E0E8FC}.Release|Any CPU.Build.0 = Release|Any CPU
		{867AC016-605B-4AF5-9E00-806075E0E8FC}.Debug|Any CPU.Build.0 = Debug|Any CPU
		{DCA5AA77-350C-4C1F-906D-ABF0EC93B918}.Debug|Any CPU.ActiveCfg = Debug|Any CPU
		{DCA5AA77-350C-4C1F-906D-ABF0EC93B918}.Debug|Any CPU.Build.0 = Debug|Any CPU
		{DCA5AA77-350C-4C1F-906D-ABF0EC93B918}.Release|Any CPU.ActiveCfg = Release|Any CPU
		{DCA5AA77-350C-4C1F-906D-ABF0EC93B918}.Release|Any CPU.Build.0 = Release|Any CPU
		{821ABCF2-BE08-4D0F-B386-C030DB7FB8AC}.Debug|Any CPU.ActiveCfg = Debug|Any CPU
		{821ABCF2-BE08-4D0F-B386-C030DB7FB8AC}.Debug|Any CPU.Build.0 = Debug|Any CPU
		{821ABCF2-BE08-4D0F-B386-C030DB7FB8AC}.Release|Any CPU.ActiveCfg = Release|Any CPU
		{821ABCF2-BE08-4D0F-B386-C030DB7FB8AC}.Release|Any CPU.Build.0 = Release|Any CPU
		{67FE1F4C-F4B5-4AFB-BD61-B3C95932351E}.Debug|Any CPU.ActiveCfg = Debug|Any CPU
		{67FE1F4C-F4B5-4AFB-BD61-B3C95932351E}.Debug|Any CPU.Build.0 = Debug|Any CPU
		{67FE1F4C-F4B5-4AFB-BD61-B3C95932351E}.Release|Any CPU.ActiveCfg = Release|Any CPU
		{67FE1F4C-F4B5-4AFB-BD61-B3C95932351E}.Release|Any CPU.Build.0 = Release|Any CPU
		{D4E146B4-B164-4FBA-A681-36E9FD2AD024}.Debug|Any CPU.ActiveCfg = Debug|Any CPU
		{D4E146B4-B164-4FBA-A681-36E9FD2AD024}.Debug|Any CPU.Build.0 = Debug|Any CPU
		{D4E146B4-B164-4FBA-A681-36E9FD2AD024}.Release|Any CPU.ActiveCfg = Release|Any CPU
		{D4E146B4-B164-4FBA-A681-36E9FD2AD024}.Release|Any CPU.Build.0 = Release|Any CPU
		{B12AAFD2-184D-47C9-AF7A-64A83398B9E9}.Debug|Any CPU.ActiveCfg = Debug|Any CPU
		{B12AAFD2-184D-47C9-AF7A-64A83398B9E9}.Debug|Any CPU.Build.0 = Debug|Any CPU
		{B12AAFD2-184D-47C9-AF7A-64A83398B9E9}.Release|Any CPU.ActiveCfg = Release|Any CPU
		{B12AAFD2-184D-47C9-AF7A-64A83398B9E9}.Release|Any CPU.Build.0 = Release|Any CPU
		{C51AC457-80C0-4415-A761-58605A9FD912}.Debug|Any CPU.ActiveCfg = Debug|Any CPU
		{C51AC457-80C0-4415-A761-58605A9FD912}.Debug|Any CPU.Build.0 = Debug|Any CPU
		{C51AC457-80C0-4415-A761-58605A9FD912}.Release|Any CPU.ActiveCfg = Release|Any CPU
		{C51AC457-80C0-4415-A761-58605A9FD912}.Release|Any CPU.Build.0 = Release|Any CPU
		{6C9DC2DC-487B-48DD-8D8C-EB4EBC4E1F22}.Debug|Any CPU.ActiveCfg = Debug|Any CPU
		{6C9DC2DC-487B-48DD-8D8C-EB4EBC4E1F22}.Debug|Any CPU.Build.0 = Debug|Any CPU
		{6C9DC2DC-487B-48DD-8D8C-EB4EBC4E1F22}.Release|Any CPU.ActiveCfg = Release|Any CPU
		{6C9DC2DC-487B-48DD-8D8C-EB4EBC4E1F22}.Release|Any CPU.Build.0 = Release|Any CPU
		{FC092FE2-4770-475F-B11F-2161D7B89684}.Debug|Any CPU.ActiveCfg = Debug|Any CPU
		{FC092FE2-4770-475F-B11F-2161D7B89684}.Debug|Any CPU.Build.0 = Debug|Any CPU
		{FC092FE2-4770-475F-B11F-2161D7B89684}.Release|Any CPU.ActiveCfg = Release|Any CPU
		{FC092FE2-4770-475F-B11F-2161D7B89684}.Release|Any CPU.Build.0 = Release|Any CPU
		{BE92EC95-1E4F-4F38-B26E-C43EFB34CCB1}.Debug|Any CPU.ActiveCfg = Debug|Any CPU
		{BE92EC95-1E4F-4F38-B26E-C43EFB34CCB1}.Debug|Any CPU.Build.0 = Debug|Any CPU
		{BE92EC95-1E4F-4F38-B26E-C43EFB34CCB1}.Release|Any CPU.ActiveCfg = Release|Any CPU
		{BE92EC95-1E4F-4F38-B26E-C43EFB34CCB1}.Release|Any CPU.Build.0 = Release|Any CPU
		{384B376A-293A-4B9D-A266-82494DCE2494}.Debug|Any CPU.ActiveCfg = Debug|Any CPU
		{384B376A-293A-4B9D-A266-82494DCE2494}.Debug|Any CPU.Build.0 = Debug|Any CPU
		{384B376A-293A-4B9D-A266-82494DCE2494}.Release|Any CPU.ActiveCfg = Release|Any CPU
		{384B376A-293A-4B9D-A266-82494DCE2494}.Release|Any CPU.Build.0 = Release|Any CPU
		{9ED98B64-C90F-4C10-BE2C-50D9DD662DB4}.Debug|Any CPU.ActiveCfg = Debug|Any CPU
		{9ED98B64-C90F-4C10-BE2C-50D9DD662DB4}.Debug|Any CPU.Build.0 = Debug|Any CPU
		{9ED98B64-C90F-4C10-BE2C-50D9DD662DB4}.Release|Any CPU.ActiveCfg = Release|Any CPU
		{9ED98B64-C90F-4C10-BE2C-50D9DD662DB4}.Release|Any CPU.Build.0 = Release|Any CPU
		{2C52AFAD-5664-40D4-8D9E-BE5253B7F960}.Debug|Any CPU.ActiveCfg = Debug|Any CPU
		{2C52AFAD-5664-40D4-8D9E-BE5253B7F960}.Debug|Any CPU.Build.0 = Debug|Any CPU
		{2C52AFAD-5664-40D4-8D9E-BE5253B7F960}.Release|Any CPU.ActiveCfg = Release|Any CPU
		{2C52AFAD-5664-40D4-8D9E-BE5253B7F960}.Release|Any CPU.Build.0 = Release|Any CPU
		{793787D5-3D1C-45AF-B655-2653D92F72C0}.Debug|Any CPU.ActiveCfg = Debug|Any CPU
		{793787D5-3D1C-45AF-B655-2653D92F72C0}.Debug|Any CPU.Build.0 = Debug|Any CPU
		{793787D5-3D1C-45AF-B655-2653D92F72C0}.Release|Any CPU.ActiveCfg = Release|Any CPU
		{793787D5-3D1C-45AF-B655-2653D92F72C0}.Release|Any CPU.Build.0 = Release|Any CPU
		{2B3267EE-6B6F-4650-A814-68406A9B580E}.Debug|Any CPU.ActiveCfg = Debug|Any CPU
		{2B3267EE-6B6F-4650-A814-68406A9B580E}.Debug|Any CPU.Build.0 = Debug|Any CPU
		{2B3267EE-6B6F-4650-A814-68406A9B580E}.Release|Any CPU.ActiveCfg = Release|Any CPU
		{2B3267EE-6B6F-4650-A814-68406A9B580E}.Release|Any CPU.Build.0 = Release|Any CPU
		{FB31FAD3-3075-494F-93D7-FABA31B2086A}.Debug|Any CPU.ActiveCfg = Debug|Any CPU
		{FB31FAD3-3075-494F-93D7-FABA31B2086A}.Debug|Any CPU.Build.0 = Debug|Any CPU
		{FB31FAD3-3075-494F-93D7-FABA31B2086A}.Release|Any CPU.ActiveCfg = Release|Any CPU
		{FB31FAD3-3075-494F-93D7-FABA31B2086A}.Release|Any CPU.Build.0 = Release|Any CPU
		{1FA6B418-2891-4505-9067-15513AA80BC0}.Debug|Any CPU.ActiveCfg = Debug|Any CPU
		{1FA6B418-2891-4505-9067-15513AA80BC0}.Debug|Any CPU.Build.0 = Debug|Any CPU
		{1FA6B418-2891-4505-9067-15513AA80BC0}.Release|Any CPU.ActiveCfg = Release|Any CPU
		{1FA6B418-2891-4505-9067-15513AA80BC0}.Release|Any CPU.Build.0 = Release|Any CPU
		{A82063BE-E8F1-43B3-B094-7A518FE08490}.Debug|Any CPU.ActiveCfg = Debug|Any CPU
		{A82063BE-E8F1-43B3-B094-7A518FE08490}.Debug|Any CPU.Build.0 = Debug|Any CPU
		{A82063BE-E8F1-43B3-B094-7A518FE08490}.Release|Any CPU.ActiveCfg = Release|Any CPU
		{A82063BE-E8F1-43B3-B094-7A518FE08490}.Release|Any CPU.Build.0 = Release|Any CPU
		{A566F5AD-C1B0-4932-9B84-09FBD5079538}.Debug|Any CPU.ActiveCfg = Debug|Any CPU
		{A566F5AD-C1B0-4932-9B84-09FBD5079538}.Debug|Any CPU.Build.0 = Debug|Any CPU
		{A566F5AD-C1B0-4932-9B84-09FBD5079538}.Release|Any CPU.ActiveCfg = Release|Any CPU
		{A566F5AD-C1B0-4932-9B84-09FBD5079538}.Release|Any CPU.Build.0 = Release|Any CPU
		{1574B972-0B1B-4373-99AD-2346491CD092}.Debug|Any CPU.ActiveCfg = Debug|Any CPU
		{1574B972-0B1B-4373-99AD-2346491CD092}.Debug|Any CPU.Build.0 = Debug|Any CPU
		{1574B972-0B1B-4373-99AD-2346491CD092}.Release|Any CPU.ActiveCfg = Release|Any CPU
		{1574B972-0B1B-4373-99AD-2346491CD092}.Release|Any CPU.Build.0 = Release|Any CPU
		{22D896A8-D55B-4C9C-A1E0-70C1138B8F50}.Debug|Any CPU.ActiveCfg = Debug|Any CPU
		{22D896A8-D55B-4C9C-A1E0-70C1138B8F50}.Debug|Any CPU.Build.0 = Debug|Any CPU
		{22D896A8-D55B-4C9C-A1E0-70C1138B8F50}.Release|Any CPU.ActiveCfg = Release|Any CPU
		{22D896A8-D55B-4C9C-A1E0-70C1138B8F50}.Release|Any CPU.Build.0 = Release|Any CPU
		{1F20E1B7-EBB1-45D8-A057-C516DA94B474}.Debug|Any CPU.ActiveCfg = Debug|Any CPU
		{1F20E1B7-EBB1-45D8-A057-C516DA94B474}.Debug|Any CPU.Build.0 = Debug|Any CPU
		{1F20E1B7-EBB1-45D8-A057-C516DA94B474}.Release|Any CPU.ActiveCfg = Release|Any CPU
		{1F20E1B7-EBB1-45D8-A057-C516DA94B474}.Release|Any CPU.Build.0 = Release|Any CPU
		{E710863B-5683-4C85-9CB6-33E2FAFFD5ED}.Debug|Any CPU.ActiveCfg = Debug|Any CPU
		{E710863B-5683-4C85-9CB6-33E2FAFFD5ED}.Debug|Any CPU.Build.0 = Debug|Any CPU
		{E710863B-5683-4C85-9CB6-33E2FAFFD5ED}.Release|Any CPU.ActiveCfg = Release|Any CPU
		{E710863B-5683-4C85-9CB6-33E2FAFFD5ED}.Release|Any CPU.Build.0 = Release|Any CPU
		{92EA8039-F9D1-4977-8DDD-A92694347486}.Debug|Any CPU.ActiveCfg = Debug|Any CPU
		{92EA8039-F9D1-4977-8DDD-A92694347486}.Debug|Any CPU.Build.0 = Debug|Any CPU
		{92EA8039-F9D1-4977-8DDD-A92694347486}.Release|Any CPU.ActiveCfg = Release|Any CPU
		{92EA8039-F9D1-4977-8DDD-A92694347486}.Release|Any CPU.Build.0 = Release|Any CPU
		{62EA256E-75C8-4B6D-AC36-43262F149B77}.Debug|Any CPU.ActiveCfg = Debug|Any CPU
		{62EA256E-75C8-4B6D-AC36-43262F149B77}.Debug|Any CPU.Build.0 = Debug|Any CPU
		{62EA256E-75C8-4B6D-AC36-43262F149B77}.Release|Any CPU.ActiveCfg = Release|Any CPU
		{62EA256E-75C8-4B6D-AC36-43262F149B77}.Release|Any CPU.Build.0 = Release|Any CPU
		{D73A7338-E20A-4967-B53E-FFEA2C16288B}.Debug|Any CPU.ActiveCfg = Debug|Any CPU
		{D73A7338-E20A-4967-B53E-FFEA2C16288B}.Debug|Any CPU.Build.0 = Debug|Any CPU
		{D73A7338-E20A-4967-B53E-FFEA2C16288B}.Release|Any CPU.ActiveCfg = Release|Any CPU
		{D73A7338-E20A-4967-B53E-FFEA2C16288B}.Release|Any CPU.Build.0 = Release|Any CPU
	EndGlobalSection
	GlobalSection(SolutionProperties) = preSolution
		HideSolutionNode = FALSE
	EndGlobalSection
	GlobalSection(NestedProjects) = preSolution
		{F943FB20-EB69-4B84-89AF-5853E5C88516} = {4308BCEB-9037-46E9-A6B0-2BA62563DB07}
		{867AC016-605B-4AF5-9E00-806075E0E8FC} = {4308BCEB-9037-46E9-A6B0-2BA62563DB07}
		{DCA5AA77-350C-4C1F-906D-ABF0EC93B918} = {E6444249-74BF-4645-AA64-C185A6F02CC8}
		{821ABCF2-BE08-4D0F-B386-C030DB7FB8AC} = {E6444249-74BF-4645-AA64-C185A6F02CC8}
		{67FE1F4C-F4B5-4AFB-BD61-B3C95932351E} = {E6444249-74BF-4645-AA64-C185A6F02CC8}
		{D4E146B4-B164-4FBA-A681-36E9FD2AD024} = {E6444249-74BF-4645-AA64-C185A6F02CC8}
		{B12AAFD2-184D-47C9-AF7A-64A83398B9E9} = {E6444249-74BF-4645-AA64-C185A6F02CC8}
		{C51AC457-80C0-4415-A761-58605A9FD912} = {E6444249-74BF-4645-AA64-C185A6F02CC8}
		{6C9DC2DC-487B-48DD-8D8C-EB4EBC4E1F22} = {E6444249-74BF-4645-AA64-C185A6F02CC8}
		{FC092FE2-4770-475F-B11F-2161D7B89684} = {E6444249-74BF-4645-AA64-C185A6F02CC8}
		{BE92EC95-1E4F-4F38-B26E-C43EFB34CCB1} = {E6444249-74BF-4645-AA64-C185A6F02CC8}
		{384B376A-293A-4B9D-A266-82494DCE2494} = {E6444249-74BF-4645-AA64-C185A6F02CC8}
		{9ED98B64-C90F-4C10-BE2C-50D9DD662DB4} = {E6444249-74BF-4645-AA64-C185A6F02CC8}
		{2C52AFAD-5664-40D4-8D9E-BE5253B7F960} = {E6444249-74BF-4645-AA64-C185A6F02CC8}
		{793787D5-3D1C-45AF-B655-2653D92F72C0} = {E6444249-74BF-4645-AA64-C185A6F02CC8}
		{2B3267EE-6B6F-4650-A814-68406A9B580E} = {E6444249-74BF-4645-AA64-C185A6F02CC8}
		{FB31FAD3-3075-494F-93D7-FABA31B2086A} = {E6444249-74BF-4645-AA64-C185A6F02CC8}
		{1FA6B418-2891-4505-9067-15513AA80BC0} = {E6444249-74BF-4645-AA64-C185A6F02CC8}
		{A82063BE-E8F1-43B3-B094-7A518FE08490} = {E6444249-74BF-4645-AA64-C185A6F02CC8}
		{A566F5AD-C1B0-4932-9B84-09FBD5079538} = {E6444249-74BF-4645-AA64-C185A6F02CC8}
		{1574B972-0B1B-4373-99AD-2346491CD092} = {E6444249-74BF-4645-AA64-C185A6F02CC8}
		{22D896A8-D55B-4C9C-A1E0-70C1138B8F50} = {E6444249-74BF-4645-AA64-C185A6F02CC8}
		{1F20E1B7-EBB1-45D8-A057-C516DA94B474} = {E6444249-74BF-4645-AA64-C185A6F02CC8}
		{E710863B-5683-4C85-9CB6-33E2FAFFD5ED} = {E6444249-74BF-4645-AA64-C185A6F02CC8}
		{92EA8039-F9D1-4977-8DDD-A92694347486} = {E6444249-74BF-4645-AA64-C185A6F02CC8}
		{62EA256E-75C8-4B6D-AC36-43262F149B77} = {E6444249-74BF-4645-AA64-C185A6F02CC8}
		{D73A7338-E20A-4967-B53E-FFEA2C16288B} = {E6444249-74BF-4645-AA64-C185A6F02CC8}
	EndGlobalSection
	GlobalSection(ExtensibilityGlobals) = postSolution
		SolutionGuid = {40AC697F-CF2A-4003-98FC-F63F214F68C3}
	EndGlobalSection
EndGlobal
