
Microsoft Visual Studio Solution File, Format Version 12.00
# Visual Studio 15
VisualStudioVersion = 15.0.27004.2009
MinimumVisualStudioVersion = 10.0.40219.1
Project("{2150E333-8FDC-42A3-9474-1A3956D46DE8}") = "Solution Items", "Solution Items", "{D50FE220-200F-4508-A4C0-72CA12159E3E}"
	ProjectSection(SolutionItems) = preProject
		.gitignore = .gitignore
		README.md = README.md
	EndProjectSection
EndProject
Project("{9A19103F-16F7-4668-BE54-9A1E7A4F7556}") = "Gunter", "Gunter\Gunter.csproj", "{F943FB20-EB69-4B84-89AF-5853E5C88516}"
EndProject
Project("{FAE04EC0-301F-11D3-BF4B-00C04F79EFBC}") = "Gunter.Tests", "Gunter.Tests\Gunter.Tests.csproj", "{09A73D82-0BC8-4646-86FB-8345A69F8DA9}"
EndProject
Project("{FAE04EC0-301F-11D3-BF4B-00C04F79EFBC}") = "Gunter.Tests3", "Gunter.Tests3\Gunter.Tests3.csproj", "{2427FC75-4606-4D9F-ABA7-4757031E4E15}"
EndProject
Global
	GlobalSection(SolutionConfigurationPlatforms) = preSolution
		Debug.clasifid|Any CPU = Debug.clasifid|Any CPU
		Debug.he-dev|Any CPU = Debug.he-dev|Any CPU
		Debug|Any CPU = Debug|Any CPU
		Release|Any CPU = Release|Any CPU
	EndGlobalSection
	GlobalSection(ProjectConfigurationPlatforms) = postSolution
		{F943FB20-EB69-4B84-89AF-5853E5C88516}.Debug.clasifid|Any CPU.ActiveCfg = Debug.clasifid|Any CPU
		{F943FB20-EB69-4B84-89AF-5853E5C88516}.Debug.clasifid|Any CPU.Build.0 = Debug.clasifid|Any CPU
		{F943FB20-EB69-4B84-89AF-5853E5C88516}.Debug.he-dev|Any CPU.ActiveCfg = Debug.clasifid|Any CPU
		{F943FB20-EB69-4B84-89AF-5853E5C88516}.Debug.he-dev|Any CPU.Build.0 = Debug.clasifid|Any CPU
		{F943FB20-EB69-4B84-89AF-5853E5C88516}.Debug|Any CPU.ActiveCfg = Debug|Any CPU
		{F943FB20-EB69-4B84-89AF-5853E5C88516}.Debug|Any CPU.Build.0 = Debug|Any CPU
		{F943FB20-EB69-4B84-89AF-5853E5C88516}.Release|Any CPU.ActiveCfg = Release|Any CPU
		{F943FB20-EB69-4B84-89AF-5853E5C88516}.Release|Any CPU.Build.0 = Release|Any CPU
		{09A73D82-0BC8-4646-86FB-8345A69F8DA9}.Debug.clasifid|Any CPU.ActiveCfg = Debug.he-dev|Any CPU
		{09A73D82-0BC8-4646-86FB-8345A69F8DA9}.Debug.clasifid|Any CPU.Build.0 = Debug.he-dev|Any CPU
		{09A73D82-0BC8-4646-86FB-8345A69F8DA9}.Debug.he-dev|Any CPU.ActiveCfg = Debug.he-dev|Any CPU
		{09A73D82-0BC8-4646-86FB-8345A69F8DA9}.Debug.he-dev|Any CPU.Build.0 = Debug.he-dev|Any CPU
		{09A73D82-0BC8-4646-86FB-8345A69F8DA9}.Debug|Any CPU.ActiveCfg = Debug|Any CPU
		{09A73D82-0BC8-4646-86FB-8345A69F8DA9}.Debug|Any CPU.Build.0 = Debug|Any CPU
		{09A73D82-0BC8-4646-86FB-8345A69F8DA9}.Release|Any CPU.ActiveCfg = Release|Any CPU
		{09A73D82-0BC8-4646-86FB-8345A69F8DA9}.Release|Any CPU.Build.0 = Release|Any CPU
		{2427FC75-4606-4D9F-ABA7-4757031E4E15}.Debug.clasifid|Any CPU.ActiveCfg = Debug|Any CPU
		{2427FC75-4606-4D9F-ABA7-4757031E4E15}.Debug.clasifid|Any CPU.Build.0 = Debug|Any CPU
		{2427FC75-4606-4D9F-ABA7-4757031E4E15}.Debug.he-dev|Any CPU.ActiveCfg = Debug|Any CPU
		{2427FC75-4606-4D9F-ABA7-4757031E4E15}.Debug.he-dev|Any CPU.Build.0 = Debug|Any CPU
		{2427FC75-4606-4D9F-ABA7-4757031E4E15}.Debug|Any CPU.ActiveCfg = Debug|Any CPU
		{2427FC75-4606-4D9F-ABA7-4757031E4E15}.Debug|Any CPU.Build.0 = Debug|Any CPU
		{2427FC75-4606-4D9F-ABA7-4757031E4E15}.Release|Any CPU.ActiveCfg = Release|Any CPU
		{2427FC75-4606-4D9F-ABA7-4757031E4E15}.Release|Any CPU.Build.0 = Release|Any CPU
	EndGlobalSection
	GlobalSection(SolutionProperties) = preSolution
		HideSolutionNode = FALSE
	EndGlobalSection
	GlobalSection(ExtensibilityGlobals) = postSolution
		SolutionGuid = {40AC697F-CF2A-4003-98FC-F63F214F68C3}
	EndGlobalSection
EndGlobal
